
Microsoft Visual Studio Solution File, Format Version 12.00
# Visual Studio Version 16
VisualStudioVersion = 16.0.32802.440
MinimumVisualStudioVersion = 10.0.40219.1
Project("{FAE04EC0-301F-11D3-BF4B-00C04F79EFBC}") = "SalesWeb", "SalesWeb\SalesWeb.csproj", "{AA2AB0EB-BAA8-46E5-A1F7-604B7F112D2D}"
EndProject
Global
	GlobalSection(SolutionConfigurationPlatforms) = preSolution
		Debug|Any CPU = Debug|Any CPU
		Release|Any CPU = Release|Any CPU
	EndGlobalSection
	GlobalSection(ProjectConfigurationPlatforms) = postSolution
		{AA2AB0EB-BAA8-46E5-A1F7-604B7F112D2D}.Debug|Any CPU.ActiveCfg = Debug|Any CPU
		{AA2AB0EB-BAA8-46E5-A1F7-604B7F112D2D}.Debug|Any CPU.Build.0 = Debug|Any CPU
		{AA2AB0EB-BAA8-46E5-A1F7-604B7F112D2D}.Release|Any CPU.ActiveCfg = Release|Any CPU
		{AA2AB0EB-BAA8-46E5-A1F7-604B7F112D2D}.Release|Any CPU.Build.0 = Release|Any CPU
	EndGlobalSection
	GlobalSection(SolutionProperties) = preSolution
		HideSolutionNode = FALSE
	EndGlobalSection
	GlobalSection(ExtensibilityGlobals) = postSolution
		SolutionGuid = {69A739CF-94FE-4A65-8F0A-8F2C3CDD5411}
	EndGlobalSection
EndGlobal
